
Microsoft Visual Studio Solution File, Format Version 12.00
# Visual Studio 15
VisualStudioVersion = 15.0.28307.902
MinimumVisualStudioVersion = 10.0.40219.1
Project("{FAE04EC0-301F-11D3-BF4B-00C04F79EFBC}") = "UnisysV4", "UnisysV4\UnisysV4.csproj", "{CE2EB6E4-E983-47F1-B36A-37C19781529D}"
EndProject
Global
	GlobalSection(SolutionConfigurationPlatforms) = preSolution
		Debug|Any CPU = Debug|Any CPU
		Release|Any CPU = Release|Any CPU
	EndGlobalSection
	GlobalSection(ProjectConfigurationPlatforms) = postSolution
		{CE2EB6E4-E983-47F1-B36A-37C19781529D}.Debug|Any CPU.ActiveCfg = Debug|Any CPU
		{CE2EB6E4-E983-47F1-B36A-37C19781529D}.Debug|Any CPU.Build.0 = Debug|Any CPU
		{CE2EB6E4-E983-47F1-B36A-37C19781529D}.Release|Any CPU.ActiveCfg = Release|Any CPU
		{CE2EB6E4-E983-47F1-B36A-37C19781529D}.Release|Any CPU.Build.0 = Release|Any CPU
	EndGlobalSection
	GlobalSection(SolutionProperties) = preSolution
		HideSolutionNode = FALSE
	EndGlobalSection
	GlobalSection(ExtensibilityGlobals) = postSolution
		SolutionGuid = {657C5EBD-E4DE-4B03-9AE1-4C8019E20348}
	EndGlobalSection
EndGlobal
